
Microsoft Visual Studio Solution File, Format Version 12.00
# Visual Studio Version 17
VisualStudioVersion = 17.10.35122.118
MinimumVisualStudioVersion = 10.0.40219.1
Project("{FAE04EC0-301F-11D3-BF4B-00C04F79EFBC}") = "KnowYourSelf_API", "KnowYourSelf_API\KnowYourSelf_API.csproj", "{1640D032-5768-4103-A912-95D435DB6406}"
EndProject
Global
	GlobalSection(SolutionConfigurationPlatforms) = preSolution
		Debug|Any CPU = Debug|Any CPU
		Release|Any CPU = Release|Any CPU
	EndGlobalSection
	GlobalSection(ProjectConfigurationPlatforms) = postSolution
		{1640D032-5768-4103-A912-95D435DB6406}.Debug|Any CPU.ActiveCfg = Debug|Any CPU
		{1640D032-5768-4103-A912-95D435DB6406}.Debug|Any CPU.Build.0 = Debug|Any CPU
		{1640D032-5768-4103-A912-95D435DB6406}.Release|Any CPU.ActiveCfg = Release|Any CPU
		{1640D032-5768-4103-A912-95D435DB6406}.Release|Any CPU.Build.0 = Release|Any CPU
	EndGlobalSection
	GlobalSection(SolutionProperties) = preSolution
		HideSolutionNode = FALSE
	EndGlobalSection
	GlobalSection(ExtensibilityGlobals) = postSolution
		SolutionGuid = {39241A90-8544-4195-8C44-74D70D4EAF7E}
	EndGlobalSection
EndGlobal
